
Microsoft Visual Studio Solution File, Format Version 12.00
# Visual Studio Version 17
VisualStudioVersion = 17.14.36511.14
MinimumVisualStudioVersion = 10.0.40219.1
Project("{2150E333-8FDC-42A3-9474-1A3956D46DE8}") = "Task0", "Task0", "{02EA681E-C7D8-13C7-8484-4AC65E1B71E8}"
EndProject
Project("{FAE04EC0-301F-11D3-BF4B-00C04F79EFBC}") = "Tyuiu.ChepragaDM.Sprint6.Task0.V3.Test", "Tyuiu.ChepragaDM.Sprint6.Task0.V3.Test\Tyuiu.ChepragaDM.Sprint6.Task0.V3.Test.csproj", "{34F38740-CC34-4925-B5BB-F482CC490E6E}"
EndProject
Project("{FAE04EC0-301F-11D3-BF4B-00C04F79EFBC}") = "Tyuiu.ChepragaDM.Sprint6.Task0.V3.Lib", "Tyuiu.ChepragaDM.Sprint6.Task0.V3.Lib\Tyuiu.ChepragaDM.Sprint6.Task0.V3.Lib.csproj", "{1B492A79-E577-4606-9C0A-45B9474F4902}"
EndProject
Project("{FAE04EC0-301F-11D3-BF4B-00C04F79EFBC}") = "Tyuiu.ChepragaDM.Sprint6.Task0.V3", "Tyuiu.ChepragaDM.Sprint6.Task0.V3\Tyuiu.ChepragaDM.Sprint6.Task0.V3.csproj", "{4377CC86-8D95-4AE9-8EEB-122336D85289}"
EndProject
Project("{2150E333-8FDC-42A3-9474-1A3956D46DE8}") = "Task1", "Task1", "{B260F962-B02C-4C8D-887B-3FC8C3251ED0}"
EndProject
Project("{FAE04EC0-301F-11D3-BF4B-00C04F79EFBC}") = "Tyuiu.ChepragaDM.Sprint6.Task1.V8.Test", "Tyuiu.ChepragaDM.Sprint6.Task1.V8.Test\Tyuiu.ChepragaDM.Sprint6.Task1.V8.Test.csproj", "{16E55802-E65E-48BD-B2EA-7C9193F00D56}"
EndProject
Project("{FAE04EC0-301F-11D3-BF4B-00C04F79EFBC}") = "Tyuiu.ChepragaDM.Sprint6.Task1.V8.Lib", "Tyuiu.ChepragaDM.Sprint6.Task1.V8.Lib\Tyuiu.ChepragaDM.Sprint6.Task1.V8.Lib.csproj", "{D0E01160-E5EB-430F-A73C-0B9E44E28AC5}"
EndProject
Project("{FAE04EC0-301F-11D3-BF4B-00C04F79EFBC}") = "Tyuiu.ChepragaDM.Sprint6.Task1.V8", "Tyuiu.ChepragaDM.Sprint6.Task1.V8\Tyuiu.ChepragaDM.Sprint6.Task1.V8.csproj", "{33FC3E4E-F8BE-4C34-8F5E-74327D2CAB54}"
EndProject
Project("{2150E333-8FDC-42A3-9474-1A3956D46DE8}") = "Task2", "Task2", "{A6846EA0-F907-42AE-AD42-F48AE7BB1621}"
EndProject
Project("{FAE04EC0-301F-11D3-BF4B-00C04F79EFBC}") = "Tyuiu.ChepragaDM.Sprint6.Task2.V14", "Tyuiu.ChepragaDM.Sprint6.Task2.V14\Tyuiu.ChepragaDM.Sprint6.Task2.V14.csproj", "{E619FDE9-7112-4F1D-BAD1-BCC6794F33C6}"
EndProject
Project("{FAE04EC0-301F-11D3-BF4B-00C04F79EFBC}") = "Tyuiu.ChepragaDM.Sprint6.Task2.V14.Lib", "Tyuiu.ChepragaDM.Sprint6.Task2.V14.Lib\Tyuiu.ChepragaDM.Sprint6.Task2.V14.Lib.csproj", "{1FF83706-9177-41AD-AA5D-F66C4F5611C7}"
EndProject
Project("{FAE04EC0-301F-11D3-BF4B-00C04F79EFBC}") = "Tyuiu.ChepragaDM.Sprint6.Task2.V14.Test", "Tyuiu.ChepragaDM.Sprint6.Task2.V14.Test\Tyuiu.ChepragaDM.Sprint6.Task2.V14.Test.csproj", "{9EE76E26-3564-4D4A-89D2-17663A38272E}"
EndProject
Project("{2150E333-8FDC-42A3-9474-1A3956D46DE8}") = "Task3", "Task3", "{C83786AA-FFA5-40AE-9F80-9D825F46B56F}"
EndProject
Project("{FAE04EC0-301F-11D3-BF4B-00C04F79EFBC}") = "Tyuiu.ChepragaDM.Sprint6.Task3.V17", "Tyuiu.ChepragaDM.Sprint6.Task3.V17\Tyuiu.ChepragaDM.Sprint6.Task3.V17.csproj", "{F8ED1624-723B-4D95-8EFC-6EA23568DDC9}"
EndProject
Project("{FAE04EC0-301F-11D3-BF4B-00C04F79EFBC}") = "Tyuiu.ChepragaDM.Sprint6.Task3.V17.Lib", "Tyuiu.ChepragaDM.Sprint6.Task3.V17.Lib\Tyuiu.ChepragaDM.Sprint6.Task3.V17.Lib.csproj", "{98A8ADA6-80F1-4BD2-AFEB-DC07D3A0EA74}"
EndProject
Project("{FAE04EC0-301F-11D3-BF4B-00C04F79EFBC}") = "Tyuiu.ChepragaDM.Sprint6.Task3.V17.Test", "Tyuiu.ChepragaDM.Sprint6.Task3.V17.Test\Tyuiu.ChepragaDM.Sprint6.Task3.V17.Test.csproj", "{A7B812B8-0872-42A2-B112-5D1B245703DD}"
EndProject
Project("{2150E333-8FDC-42A3-9474-1A3956D46DE8}") = "Task4", "Task4", "{10A4A37B-E153-4DFC-8B16-B3DA17D98282}"
EndProject
Project("{FAE04EC0-301F-11D3-BF4B-00C04F79EFBC}") = "Tyuiu.ChepragaDM.Sprint6.Task4.V11", "Tyuiu.ChepragaDM.Sprint6.Task4.V11\Tyuiu.ChepragaDM.Sprint6.Task4.V11.csproj", "{E58A443E-EF8A-4756-997F-6896A3333D5E}"
EndProject
Project("{FAE04EC0-301F-11D3-BF4B-00C04F79EFBC}") = "Tyuiu.ChepragaDM.Sprint6.Task4.V11.Test", "Tyuiu.ChepragaDM.Sprint6.Task4.V11.Test\Tyuiu.ChepragaDM.Sprint6.Task4.V11.Test.csproj", "{BFEA1646-750C-4217-93D8-D3B59A54EDAD}"
EndProject
Project("{FAE04EC0-301F-11D3-BF4B-00C04F79EFBC}") = "Tyuiu.ChepragaDM.Sprint6.Task4.V11.Lib", "Tyuiu.ChepragaDM.Sprint6.Task4.V11.Lib\Tyuiu.ChepragaDM.Sprint6.Task4.V11.Lib.csproj", "{FFB827BB-A7DA-4214-BC47-617220A5E200}"
EndProject
Project("{2150E333-8FDC-42A3-9474-1A3956D46DE8}") = "Task5", "Task5", "{613DEDF5-F99C-4C23-9E4C-B9C9DE6934CE}"
EndProject
Project("{FAE04EC0-301F-11D3-BF4B-00C04F79EFBC}") = "Tyuiu.ChepragaDM.Sprint6.Task5.V26", "Tyuiu.ChepragaDM.Sprint6.Task5.V26\Tyuiu.ChepragaDM.Sprint6.Task5.V26.csproj", "{DCF97443-3B95-41DC-B829-4E7C9419CE81}"
EndProject
Project("{FAE04EC0-301F-11D3-BF4B-00C04F79EFBC}") = "Tyuiu.ChepragaDM.Sprint6.Task5.V26.Lib", "Tyuiu.ChepragaDM.Sprint6.Task5.V26.Lib\Tyuiu.ChepragaDM.Sprint6.Task5.V26.Lib.csproj", "{41473574-8F7A-4427-B0FC-91E473482B77}"
EndProject
Project("{FAE04EC0-301F-11D3-BF4B-00C04F79EFBC}") = "Tyuiu.ChepragaDM.Sprint6.Task5.V26.Test", "Tyuiu.ChepragaDM.Sprint6.Task5.V26.Test\Tyuiu.ChepragaDM.Sprint6.Task5.V26.Test.csproj", "{847250A5-5F8B-4B7B-A2B6-E4D3E77E095F}"
EndProject
Project("{2150E333-8FDC-42A3-9474-1A3956D46DE8}") = "Task6", "Task6", "{96D5BFA7-574E-422A-AD27-827DD0571710}"
EndProject
Project("{FAE04EC0-301F-11D3-BF4B-00C04F79EFBC}") = "Tyuiu.ChepragaDM.Sprint6.Task6.V18", "Tyuiu.ChepragaDM.Sprint6.Task6.V18\Tyuiu.ChepragaDM.Sprint6.Task6.V18.csproj", "{5646E2A7-D971-4779-A9BB-B79D477632FE}"
EndProject
Project("{FAE04EC0-301F-11D3-BF4B-00C04F79EFBC}") = "Tyuiu.ChepragaDM.Sprint6.Task6.V18.Lib", "Tyuiu.ChepragaDM.Sprint6.Task6.V18.Lib\Tyuiu.ChepragaDM.Sprint6.Task6.V18.Lib.csproj", "{7DF57030-BBA9-4CC8-8BC0-F1C4404B4F12}"
EndProject
Project("{FAE04EC0-301F-11D3-BF4B-00C04F79EFBC}") = "Tyuiu.ChepragaDM.Sprint6.Task6.V18.Test", "Tyuiu.ChepragaDM.Sprint6.Task6.V18.Test\Tyuiu.ChepragaDM.Sprint6.Task6.V18.Test.csproj", "{B0DC5A32-BE00-4E61-AE3E-F10EA8E418DD}"
EndProject
Global
	GlobalSection(SolutionConfigurationPlatforms) = preSolution
		Debug|Any CPU = Debug|Any CPU
		Release|Any CPU = Release|Any CPU
	EndGlobalSection
	GlobalSection(ProjectConfigurationPlatforms) = postSolution
		{34F38740-CC34-4925-B5BB-F482CC490E6E}.Debug|Any CPU.ActiveCfg = Debug|Any CPU
		{34F38740-CC34-4925-B5BB-F482CC490E6E}.Debug|Any CPU.Build.0 = Debug|Any CPU
		{34F38740-CC34-4925-B5BB-F482CC490E6E}.Release|Any CPU.ActiveCfg = Release|Any CPU
		{34F38740-CC34-4925-B5BB-F482CC490E6E}.Release|Any CPU.Build.0 = Release|Any CPU
		{1B492A79-E577-4606-9C0A-45B9474F4902}.Debug|Any CPU.ActiveCfg = Debug|Any CPU
		{1B492A79-E577-4606-9C0A-45B9474F4902}.Debug|Any CPU.Build.0 = Debug|Any CPU
		{1B492A79-E577-4606-9C0A-45B9474F4902}.Release|Any CPU.ActiveCfg = Release|Any CPU
		{1B492A79-E577-4606-9C0A-45B9474F4902}.Release|Any CPU.Build.0 = Release|Any CPU
		{4377CC86-8D95-4AE9-8EEB-122336D85289}.Debug|Any CPU.ActiveCfg = Debug|Any CPU
		{4377CC86-8D95-4AE9-8EEB-122336D85289}.Debug|Any CPU.Build.0 = Debug|Any CPU
		{4377CC86-8D95-4AE9-8EEB-122336D85289}.Release|Any CPU.ActiveCfg = Release|Any CPU
		{4377CC86-8D95-4AE9-8EEB-122336D85289}.Release|Any CPU.Build.0 = Release|Any CPU
		{16E55802-E65E-48BD-B2EA-7C9193F00D56}.Debug|Any CPU.ActiveCfg = Debug|Any CPU
		{16E55802-E65E-48BD-B2EA-7C9193F00D56}.Debug|Any CPU.Build.0 = Debug|Any CPU
		{16E55802-E65E-48BD-B2EA-7C9193F00D56}.Release|Any CPU.ActiveCfg = Release|Any CPU
		{16E55802-E65E-48BD-B2EA-7C9193F00D56}.Release|Any CPU.Build.0 = Release|Any CPU
		{D0E01160-E5EB-430F-A73C-0B9E44E28AC5}.Debug|Any CPU.ActiveCfg = Debug|Any CPU
		{D0E01160-E5EB-430F-A73C-0B9E44E28AC5}.Debug|Any CPU.Build.0 = Debug|Any CPU
		{D0E01160-E5EB-430F-A73C-0B9E44E28AC5}.Release|Any CPU.ActiveCfg = Release|Any CPU
		{D0E01160-E5EB-430F-A73C-0B9E44E28AC5}.Release|Any CPU.Build.0 = Release|Any CPU
		{33FC3E4E-F8BE-4C34-8F5E-74327D2CAB54}.Debug|Any CPU.ActiveCfg = Debug|Any CPU
		{33FC3E4E-F8BE-4C34-8F5E-74327D2CAB54}.Debug|Any CPU.Build.0 = Debug|Any CPU
		{33FC3E4E-F8BE-4C34-8F5E-74327D2CAB54}.Release|Any CPU.ActiveCfg = Release|Any CPU
		{33FC3E4E-F8BE-4C34-8F5E-74327D2CAB54}.Release|Any CPU.Build.0 = Release|Any CPU
		{E619FDE9-7112-4F1D-BAD1-BCC6794F33C6}.Debug|Any CPU.ActiveCfg = Debug|Any CPU
		{E619FDE9-7112-4F1D-BAD1-BCC6794F33C6}.Debug|Any CPU.Build.0 = Debug|Any CPU
		{E619FDE9-7112-4F1D-BAD1-BCC6794F33C6}.Release|Any CPU.ActiveCfg = Release|Any CPU
		{E619FDE9-7112-4F1D-BAD1-BCC6794F33C6}.Release|Any CPU.Build.0 = Release|Any CPU
		{1FF83706-9177-41AD-AA5D-F66C4F5611C7}.Debug|Any CPU.ActiveCfg = Debug|Any CPU
		{1FF83706-9177-41AD-AA5D-F66C4F5611C7}.Debug|Any CPU.Build.0 = Debug|Any CPU
		{1FF83706-9177-41AD-AA5D-F66C4F5611C7}.Release|Any CPU.ActiveCfg = Release|Any CPU
		{1FF83706-9177-41AD-AA5D-F66C4F5611C7}.Release|Any CPU.Build.0 = Release|Any CPU
		{9EE76E26-3564-4D4A-89D2-17663A38272E}.Debug|Any CPU.ActiveCfg = Debug|Any CPU
		{9EE76E26-3564-4D4A-89D2-17663A38272E}.Debug|Any CPU.Build.0 = Debug|Any CPU
		{9EE76E26-3564-4D4A-89D2-17663A38272E}.Release|Any CPU.ActiveCfg = Release|Any CPU
		{9EE76E26-3564-4D4A-89D2-17663A38272E}.Release|Any CPU.Build.0 = Release|Any CPU
		{F8ED1624-723B-4D95-8EFC-6EA23568DDC9}.Debug|Any CPU.ActiveCfg = Debug|Any CPU
		{F8ED1624-723B-4D95-8EFC-6EA23568DDC9}.Debug|Any CPU.Build.0 = Debug|Any CPU
		{F8ED1624-723B-4D95-8EFC-6EA23568DDC9}.Release|Any CPU.ActiveCfg = Release|Any CPU
		{F8ED1624-723B-4D95-8EFC-6EA23568DDC9}.Release|Any CPU.Build.0 = Release|Any CPU
		{98A8ADA6-80F1-4BD2-AFEB-DC07D3A0EA74}.Debug|Any CPU.ActiveCfg = Debug|Any CPU
		{98A8ADA6-80F1-4BD2-AFEB-DC07D3A0EA74}.Debug|Any CPU.Build.0 = Debug|Any CPU
		{98A8ADA6-80F1-4BD2-AFEB-DC07D3A0EA74}.Release|Any CPU.ActiveCfg = Release|Any CPU
		{98A8ADA6-80F1-4BD2-AFEB-DC07D3A0EA74}.Release|Any CPU.Build.0 = Release|Any CPU
		{A7B812B8-0872-42A2-B112-5D1B245703DD}.Debug|Any CPU.ActiveCfg = Debug|Any CPU
		{A7B812B8-0872-42A2-B112-5D1B245703DD}.Debug|Any CPU.Build.0 = Debug|Any CPU
		{A7B812B8-0872-42A2-B112-5D1B245703DD}.Release|Any CPU.ActiveCfg = Release|Any CPU
		{A7B812B8-0872-42A2-B112-5D1B245703DD}.Release|Any CPU.Build.0 = Release|Any CPU
		{E58A443E-EF8A-4756-997F-6896A3333D5E}.Debug|Any CPU.ActiveCfg = Debug|Any CPU
		{E58A443E-EF8A-4756-997F-6896A3333D5E}.Debug|Any CPU.Build.0 = Debug|Any CPU
		{E58A443E-EF8A-4756-997F-6896A3333D5E}.Release|Any CPU.ActiveCfg = Release|Any CPU
		{E58A443E-EF8A-4756-997F-6896A3333D5E}.Release|Any CPU.Build.0 = Release|Any CPU
		{BFEA1646-750C-4217-93D8-D3B59A54EDAD}.Debug|Any CPU.ActiveCfg = Debug|Any CPU
		{BFEA1646-750C-4217-93D8-D3B59A54EDAD}.Debug|Any CPU.Build.0 = Debug|Any CPU
		{BFEA1646-750C-4217-93D8-D3B59A54EDAD}.Release|Any CPU.ActiveCfg = Release|Any CPU
		{BFEA1646-750C-4217-93D8-D3B59A54EDAD}.Release|Any CPU.Build.0 = Release|Any CPU
		{FFB827BB-A7DA-4214-BC47-617220A5E200}.Debug|Any CPU.ActiveCfg = Debug|Any CPU
		{FFB827BB-A7DA-4214-BC47-617220A5E200}.Debug|Any CPU.Build.0 = Debug|Any CPU
		{FFB827BB-A7DA-4214-BC47-617220A5E200}.Release|Any CPU.ActiveCfg = Release|Any CPU
		{FFB827BB-A7DA-4214-BC47-617220A5E200}.Release|Any CPU.Build.0 = Release|Any CPU
		{DCF97443-3B95-41DC-B829-4E7C9419CE81}.Debug|Any CPU.ActiveCfg = Debug|Any CPU
		{DCF97443-3B95-41DC-B829-4E7C9419CE81}.Debug|Any CPU.Build.0 = Debug|Any CPU
		{DCF97443-3B95-41DC-B829-4E7C9419CE81}.Release|Any CPU.ActiveCfg = Release|Any CPU
		{DCF97443-3B95-41DC-B829-4E7C9419CE81}.Release|Any CPU.Build.0 = Release|Any CPU
		{41473574-8F7A-4427-B0FC-91E473482B77}.Debug|Any CPU.ActiveCfg = Debug|Any CPU
		{41473574-8F7A-4427-B0FC-91E473482B77}.Debug|Any CPU.Build.0 = Debug|Any CPU
		{41473574-8F7A-4427-B0FC-91E473482B77}.Release|Any CPU.ActiveCfg = Release|Any CPU
		{41473574-8F7A-4427-B0FC-91E473482B77}.Release|Any CPU.Build.0 = Release|Any CPU
		{847250A5-5F8B-4B7B-A2B6-E4D3E77E095F}.Debug|Any CPU.ActiveCfg = Debug|Any CPU
		{847250A5-5F8B-4B7B-A2B6-E4D3E77E095F}.Debug|Any CPU.Build.0 = Debug|Any CPU
		{847250A5-5F8B-4B7B-A2B6-E4D3E77E095F}.Release|Any CPU.ActiveCfg = Release|Any CPU
		{847250A5-5F8B-4B7B-A2B6-E4D3E77E095F}.Release|Any CPU.Build.0 = Release|Any CPU
		{5646E2A7-D971-4779-A9BB-B79D477632FE}.Debug|Any CPU.ActiveCfg = Debug|Any CPU
		{5646E2A7-D971-4779-A9BB-B79D477632FE}.Debug|Any CPU.Build.0 = Debug|Any CPU
		{5646E2A7-D971-4779-A9BB-B79D477632FE}.Release|Any CPU.ActiveCfg = Release|Any CPU
		{5646E2A7-D971-4779-A9BB-B79D477632FE}.Release|Any CPU.Build.0 = Release|Any CPU
		{7DF57030-BBA9-4CC8-8BC0-F1C4404B4F12}.Debug|Any CPU.ActiveCfg = Debug|Any CPU
		{7DF57030-BBA9-4CC8-8BC0-F1C4404B4F12}.Debug|Any CPU.Build.0 = Debug|Any CPU
		{7DF57030-BBA9-4CC8-8BC0-F1C4404B4F12}.Release|Any CPU.ActiveCfg = Release|Any CPU
		{7DF57030-BBA9-4CC8-8BC0-F1C4404B4F12}.Release|Any CPU.Build.0 = Release|Any CPU
		{B0DC5A32-BE00-4E61-AE3E-F10EA8E418DD}.Debug|Any CPU.ActiveCfg = Debug|Any CPU
		{B0DC5A32-BE00-4E61-AE3E-F10EA8E418DD}.Debug|Any CPU.Build.0 = Debug|Any CPU
		{B0DC5A32-BE00-4E61-AE3E-F10EA8E418DD}.Release|Any CPU.ActiveCfg = Release|Any CPU
		{B0DC5A32-BE00-4E61-AE3E-F10EA8E418DD}.Release|Any CPU.Build.0 = Release|Any CPU
	EndGlobalSection
	GlobalSection(SolutionProperties) = preSolution
		HideSolutionNode = FALSE
	EndGlobalSection
	GlobalSection(NestedProjects) = preSolution
		{34F38740-CC34-4925-B5BB-F482CC490E6E} = {02EA681E-C7D8-13C7-8484-4AC65E1B71E8}
		{1B492A79-E577-4606-9C0A-45B9474F4902} = {02EA681E-C7D8-13C7-8484-4AC65E1B71E8}
		{4377CC86-8D95-4AE9-8EEB-122336D85289} = {02EA681E-C7D8-13C7-8484-4AC65E1B71E8}
		{16E55802-E65E-48BD-B2EA-7C9193F00D56} = {B260F962-B02C-4C8D-887B-3FC8C3251ED0}
		{D0E01160-E5EB-430F-A73C-0B9E44E28AC5} = {B260F962-B02C-4C8D-887B-3FC8C3251ED0}
		{33FC3E4E-F8BE-4C34-8F5E-74327D2CAB54} = {B260F962-B02C-4C8D-887B-3FC8C3251ED0}
		{E619FDE9-7112-4F1D-BAD1-BCC6794F33C6} = {A6846EA0-F907-42AE-AD42-F48AE7BB1621}
		{1FF83706-9177-41AD-AA5D-F66C4F5611C7} = {A6846EA0-F907-42AE-AD42-F48AE7BB1621}
		{9EE76E26-3564-4D4A-89D2-17663A38272E} = {A6846EA0-F907-42AE-AD42-F48AE7BB1621}
		{F8ED1624-723B-4D95-8EFC-6EA23568DDC9} = {C83786AA-FFA5-40AE-9F80-9D825F46B56F}
		{98A8ADA6-80F1-4BD2-AFEB-DC07D3A0EA74} = {C83786AA-FFA5-40AE-9F80-9D825F46B56F}
		{A7B812B8-0872-42A2-B112-5D1B245703DD} = {C83786AA-FFA5-40AE-9F80-9D825F46B56F}
		{E58A443E-EF8A-4756-997F-6896A3333D5E} = {10A4A37B-E153-4DFC-8B16-B3DA17D98282}
		{BFEA1646-750C-4217-93D8-D3B59A54EDAD} = {10A4A37B-E153-4DFC-8B16-B3DA17D98282}
		{FFB827BB-A7DA-4214-BC47-617220A5E200} = {10A4A37B-E153-4DFC-8B16-B3DA17D98282}
		{DCF97443-3B95-41DC-B829-4E7C9419CE81} = {613DEDF5-F99C-4C23-9E4C-B9C9DE6934CE}
		{41473574-8F7A-4427-B0FC-91E473482B77} = {613DEDF5-F99C-4C23-9E4C-B9C9DE6934CE}
		{847250A5-5F8B-4B7B-A2B6-E4D3E77E095F} = {613DEDF5-F99C-4C23-9E4C-B9C9DE6934CE}
		{5646E2A7-D971-4779-A9BB-B79D477632FE} = {96D5BFA7-574E-422A-AD27-827DD0571710}
		{7DF57030-BBA9-4CC8-8BC0-F1C4404B4F12} = {96D5BFA7-574E-422A-AD27-827DD0571710}
		{B0DC5A32-BE00-4E61-AE3E-F10EA8E418DD} = {96D5BFA7-574E-422A-AD27-827DD0571710}
	EndGlobalSection
	GlobalSection(ExtensibilityGlobals) = postSolution
		SolutionGuid = {99D1CB9D-9669-438F-A466-B3E40E019029}
	EndGlobalSection
EndGlobal
